
Microsoft Visual Studio Solution File, Format Version 12.00
# Visual Studio 15
VisualStudioVersion = 15.0.28307.168
MinimumVisualStudioVersion = 10.0.40219.1
Project("{FAE04EC0-301F-11D3-BF4B-00C04F79EFBC}") = "Strings-Ex11", "Strings-Ex11\Strings-Ex11.csproj", "{BEC9976B-25ED-491C-BAFF-70DCE0D7C7F3}"
EndProject
Global
	GlobalSection(SolutionConfigurationPlatforms) = preSolution
		Debug|Any CPU = Debug|Any CPU
		Release|Any CPU = Release|Any CPU
	EndGlobalSection
	GlobalSection(ProjectConfigurationPlatforms) = postSolution
		{BEC9976B-25ED-491C-BAFF-70DCE0D7C7F3}.Debug|Any CPU.ActiveCfg = Debug|Any CPU
		{BEC9976B-25ED-491C-BAFF-70DCE0D7C7F3}.Debug|Any CPU.Build.0 = Debug|Any CPU
		{BEC9976B-25ED-491C-BAFF-70DCE0D7C7F3}.Release|Any CPU.ActiveCfg = Release|Any CPU
		{BEC9976B-25ED-491C-BAFF-70DCE0D7C7F3}.Release|Any CPU.Build.0 = Release|Any CPU
	EndGlobalSection
	GlobalSection(SolutionProperties) = preSolution
		HideSolutionNode = FALSE
	EndGlobalSection
	GlobalSection(ExtensibilityGlobals) = postSolution
		SolutionGuid = {2D14022F-06A1-482B-BF75-E9C753B7C399}
	EndGlobalSection
EndGlobal
